github.com/jpanther/congo v1.6.4 h1:Pf84RN3jXMYVbeZIyPCb5krSDIjvuwbo7sv5fCGwbAE=
github.com/jpanther/congo/v2 v2.3.1 h1:klMXan3u9ix/OBN2jnQjdoaCkp2Qpqm/3D4G2+ccvvk=
github.com/jpanther/congo/v2 v2.3.1/go.mod h1:1S7DRoO1ZYS4YUdFd1LjTkdyjQwsjFWd8TqSfz3Jd+M=
github.com/jpanther/congo/v2 v2.8.2 h1:UNg7225ZqLSt9zu0xBOh5iM9TXnuNG1Ta9eSsioHTEE=
github.com/jpanther/congo/v2 v2.8.2/go.mod h1:1S7DRoO1ZYS4YUdFd1LjTkdyjQwsjFWd8TqSfz3Jd+M=
github.com/jpanther/congo/v2 v2.12.2 h1:dr7oI/as+g+FJ6zVLZ3LSVOSRlsJjSsvTO6YP4zbOsQ=
github.com/jpanther/congo/v2 v2.12.2/go.mod h1:1S7DRoO1ZYS4YUdFd1LjTkdyjQwsjFWd8TqSfz3Jd+M=
